
Microsoft Visual Studio Solution File, Format Version 12.00
# Visual Studio Version 16
VisualStudioVersion = 16.0.29709.97
MinimumVisualStudioVersion = 10.0.40219.1
Project("{FAE04EC0-301F-11D3-BF4B-00C04F79EFBC}") = "WeatherData", "WeatherData\WeatherData.csproj", "{5E948BFB-D5F7-4939-882D-B8A4703F4B00}"
EndProject
Global
	GlobalSection(SolutionConfigurationPlatforms) = preSolution
		Debug|Any CPU = Debug|Any CPU
		Release|Any CPU = Release|Any CPU
	EndGlobalSection
	GlobalSection(ProjectConfigurationPlatforms) = postSolution
		{5E948BFB-D5F7-4939-882D-B8A4703F4B00}.Debug|Any CPU.ActiveCfg = Debug|Any CPU
		{5E948BFB-D5F7-4939-882D-B8A4703F4B00}.Debug|Any CPU.Build.0 = Debug|Any CPU
		{5E948BFB-D5F7-4939-882D-B8A4703F4B00}.Release|Any CPU.ActiveCfg = Release|Any CPU
		{5E948BFB-D5F7-4939-882D-B8A4703F4B00}.Release|Any CPU.Build.0 = Release|Any CPU
	EndGlobalSection
	GlobalSection(SolutionProperties) = preSolution
		HideSolutionNode = FALSE
	EndGlobalSection
	GlobalSection(ExtensibilityGlobals) = postSolution
		SolutionGuid = {6C4E754D-F661-43C5-AAE9-47CE33F39942}
	EndGlobalSection
EndGlobal
